PODS:
  - Flutter (1.0.0)
  - photo_manager (1.0.0):
    - Flutter
    - FlutterMacOS
  - video_player (0.0.1):
    - Flutter

DEPENDENCIES:
  - Flutter (from `Flutter`)
  - photo_manager (from `.symlinks/plugins/photo_manager/ios`)
  - video_player (from `.symlinks/plugins/video_player/ios`)

EXTERNAL SOURCES:
  Flutter:
    :path: Flutter
  photo_manager:
    :path: ".symlinks/plugins/photo_manager/ios"
  video_player:
    :path: ".symlinks/plugins/video_player/ios"

SPEC CHECKSUMS:
  Flutter: 434fef37c0980e73bb6479ef766c45957d4b510c
  photo_manager: 84fa94fbeb82e607333ea9a13c43b58e0903a463
  video_player: 9cc823b1d9da7e8427ee591e8438bfbcde500e6e

PODFILE CHECKSUM: a75497545d4391e2d394c3668e20cfb1c2bbd4aa

COCOAPODS: 1.10.1
